// !$*UTF8*$!
{
	archiveVersion = 1;
	classes = {
	};
	objectVersion = 46;
	objects = {

/* Begin PBXBuildFile section */
		3DDA7B641A94D5F900CA4019 /* AppDelegate.swift in Sources */ = {isa = PBXBuildFile; fileRef = 3DDA7B631A94D5F900CA4019 /* AppDelegate.swift */; };
		3DDA7B661A94D5F900CA4019 /* ViewController.swift in Sources */ = {isa = PBXBuildFile; fileRef = 3DDA7B651A94D5F900CA4019 /* ViewController.swift */; };
		3DDA7B691A94D5F900CA4019 /* Main.storyboard in Resources */ = {isa = PBXBuildFile; fileRef = 3DDA7B671A94D5F900CA4019 /* Main.storyboard */; };
		3DDA7B6B1A94D5F900CA4019 /* Images.xcassets in Resources */ = {isa = PBXBuildFile; fileRef = 3DDA7B6A1A94D5F900CA4019 /* Images.xcassets */; };
		3DDA7B6E1A94D5F900CA4019 /* LaunchScreen.xib in Resources */ = {isa = PBXBuildFile; fileRef = 3DDA7B6C1A94D5F900CA4019 /* LaunchScreen.xib */; };
		3DDA7B7A1A94D5F900CA4019 /* GameBoredTests.swift in Sources */ = {isa = PBXBuildFile; fileRef = 3DDA7B791A94D5F900CA4019 /* GameBoredTests.swift */; };
		3DDA7B841A94D9D100CA4019 /* GameBoardView.swift in Sources */ = {isa = PBXBuildFile; fileRef = 3DDA7B831A94D9D100CA4019 /* GameBoardView.swift */; };
		3DDA7B861A94E33300CA4019 /* GamePeace.swift in Sources */ = {isa = PBXBuildFile; fileRef = 3DDA7B851A94E33300CA4019 /* GamePeace.swift */; };
/* End PBXBuildFile section */

/* Begin PBXContainerItemProxy section */
		3DDA7B741A94D5F900CA4019 /* PBXContainerItemProxy */ = {
			isa = PBXContainerItemProxy;
			containerPortal = 3DDA7B561A94D5F900CA4019 /* Project object */;
			proxyType = 1;
			remoteGlobalIDString = 3DDA7B5D1A94D5F900CA4019;
			remoteInfo = GameBored;
		};
/* End PBXContainerItemProxy section */

/* Begin PBXFileReference section */
		3DDA7B5E1A94D5F900CA4019 /* GameBored.app */ = {isa = PBXFileReference; explicitFileType = wrapper.application; includeInIndex = 0; path = GameBored.app; sourceTree = BUILT_PRODUCTS_DIR; };
		3DDA7B621A94D5F900CA4019 /* Info.plist */ = {isa = PBXFileReference; lastKnownFileType = text.plist.xml; path = Info.plist; sourceTree = "<group>"; };
		3DDA7B631A94D5F900CA4019 /* AppDelegate.swift */ = {isa = PBXFileReference; lastKnownFileType = sourcecode.swift; path = AppDelegate.swift; sourceTree = "<group>"; };
		3DDA7B651A94D5F900CA4019 /* ViewController.swift */ = {isa = PBXFileReference; lastKnownFileType = sourcecode.swift; path = ViewController.swift; sourceTree = "<group>"; };
		3DDA7B681A94D5F900CA4019 /* Base */ = {isa = PBXFileReference; lastKnownFileType = file.storyboard; name = Base; path = Base.lproj/Main.storyboard; sourceTree = "<group>"; };
		3DDA7B6A1A94D5F900CA4019 /* Images.xcassets */ = {isa = PBXFileReference; lastKnownFileType = folder.assetcatalog; path = Images.xcassets; sourceTree = "<group>"; };
		3DDA7B6D1A94D5F900CA4019 /* Base */ = {isa = PBXFileReference; lastKnownFileType = file.xib; name = Base; path = Base.lproj/LaunchScreen.xib; sourceTree = "<group>"; };
		3DDA7B731A94D5F900CA4019 /* GameBoredTests.xctest */ = {isa = PBXFileReference; explicitFileType = wrapper.cfbundle; includeInIndex = 0; path = GameBoredTests.xctest; sourceTree = BUILT_PRODUCTS_DIR; };
		3DDA7B781A94D5F900CA4019 /* Info.plist */ = {isa = PBXFileReference; lastKnownFileType = text.plist.xml; path = Info.plist; sourceTree = "<group>"; };
		3DDA7B791A94D5F900CA4019 /* GameBoredTests.swift */ = {isa = PBXFileReference; lastKnownFileType = sourcecode.swift; path = GameBoredTests.swift; sourceTree = "<group>"; };
		3DDA7B831A94D9D100CA4019 /* GameBoardView.swift */ = {isa = PBXFileReference; fileEncoding = 4; lastKnownFileType = sourcecode.swift; path = GameBoardView.swift; sourceTree = "<group>"; };
		3DDA7B851A94E33300CA4019 /* GamePeace.swift */ = {isa = PBXFileReference; fileEncoding = 4; lastKnownFileType = sourcecode.swift; path = GamePeace.swift; sourceTree = "<group>"; };
/* End PBXFileReference section */

/* Begin PBXFrameworksBuildPhase section */
		3DDA7B5B1A94D5F900CA4019 /* Frameworks */ = {
			isa = PBXFrameworksBuildPhase;
			buildActionMask = 2147483647;
			files = (
			);
			runOnlyForDeploymentPostprocessing = 0;
		};
		3DDA7B701A94D5F900CA4019 /* Frameworks */ = {
			isa = PBXFrameworksBuildPhase;
			buildActionMask = 2147483647;
			files = (
			);
			runOnlyForDeploymentPostprocessing = 0;
		};
/* End PBXFrameworksBuildPhase section */

/* Begin PBXGroup section */
		3DDA7B551A94D5F900CA4019 = {
			isa = PBXGroup;
			children = (
				3DDA7B601A94D5F900CA4019 /* GameBored */,
				3DDA7B761A94D5F900CA4019 /* GameBoredTests */,
				3DDA7B5F1A94D5F900CA4019 /* Products */,
			);
			sourceTree = "<group>";
		};
		3DDA7B5F1A94D5F900CA4019 /* Products */ = {
			isa = PBXGroup;
			children = (
				3DDA7B5E1A94D5F900CA4019 /* GameBored.app */,
				3DDA7B731A94D5F900CA4019 /* GameBoredTests.xctest */,
			);
			name = Products;
			sourceTree = "<group>";
		};
		3DDA7B601A94D5F900CA4019 /* GameBored */ = {
			isa = PBXGroup;
			children = (
				3DDA7B631A94D5F900CA4019 /* AppDelegate.swift */,
				3DDA7B651A94D5F900CA4019 /* ViewController.swift */,
				3DDA7B831A94D9D100CA4019 /* GameBoardView.swift */,
				3DDA7B851A94E33300CA4019 /* GamePeace.swift */,
				3DDA7B671A94D5F900CA4019 /* Main.storyboard */,
				3DDA7B611A94D5F900CA4019 /* Supporting Files */,
			);
			path = GameBored;
			sourceTree = "<group>";
		};
		3DDA7B611A94D5F900CA4019 /* Supporting Files */ = {
			isa = PBXGroup;
			children = (
				3DDA7B6A1A94D5F900CA4019 /* Images.xcassets */,
				3DDA7B6C1A94D5F900CA4019 /* LaunchScreen.xib */,
				3DDA7B621A94D5F900CA4019 /* Info.plist */,
			);
			name = "Supporting Files";
			sourceTree = "<group>";
		};
		3DDA7B761A94D5F900CA4019 /* GameBoredTests */ = {
			isa = PBXGroup;
			children = (
				3DDA7B791A94D5F900CA4019 /* GameBoredTests.swift */,
				3DDA7B771A94D5F900CA4019 /* Supporting Files */,
			);
			path = GameBoredTests;
			sourceTree = "<group>";
		};
		3DDA7B771A94D5F900CA4019 /* Supporting Files */ = {
			isa = PBXGroup;
			children = (
				3DDA7B781A94D5F900CA4019 /* Info.plist */,
			);
			name = "Supporting Files";
			sourceTree = "<group>";
		};
/* End PBXGroup section */

/* Begin PBXNativeTarget section */
		3DDA7B5D1A94D5F900CA4019 /* GameBored */ = {
			isa = PBXNativeTarget;
			buildConfigurationList = 3DDA7B7D1A94D5F900CA4019 /* Build configuration list for PBXNativeTarget "GameBored" */;
			buildPhases = (
				3DDA7B5A1A94D5F900CA4019 /* Sources */,
				3DDA7B5B1A94D5F900CA4019 /* Frameworks */,
				3DDA7B5C1A94D5F900CA4019 /* Resources */,
			);
			buildRules = (
			);
			dependencies = (
			);
			name = GameBored;
			productName = GameBored;
			productReference = 3DDA7B5E1A94D5F900CA4019 /* GameBored.app */;
			productType = "com.apple.product-type.application";
		};
		3DDA7B721A94D5F900CA4019 /* GameBoredTests */ = {
			isa = PBXNativeTarget;
			buildConfigurationList = 3DDA7B801A94D5F900CA4019 /* Build configuration list for PBXNativeTarget "GameBoredTests" */;
			buildPhases = (
				3DDA7B6F1A94D5F900CA4019 /* Sources */,
				3DDA7B701A94D5F900CA4019 /* Frameworks */,
				3DDA7B711A94D5F900CA4019 /* Resources */,
			);
			buildRules = (
			);
			dependencies = (
				3DDA7B751A94D5F900CA4019 /* PBXTargetDependency */,
			);
			name = GameBoredTests;
			productName = GameBoredTests;
			productReference = 3DDA7B731A94D5F900CA4019 /* GameBoredTests.xctest */;
			productType = "com.apple.product-type.bundle.unit-test";
		};
/* End PBXNativeTarget section */

/* Begin PBXProject section */
		3DDA7B561A94D5F900CA4019 /* Project object */ = {
			isa = PBXProject;
			attributes = {
				LastUpgradeCheck = 0610;
				ORGANIZATIONNAME = "William Judd";
				TargetAttributes = {
					3DDA7B5D1A94D5F900CA4019 = {
						CreatedOnToolsVersion = 6.1.1;
					};
					3DDA7B721A94D5F900CA4019 = {
						CreatedOnToolsVersion = 6.1.1;
						TestTargetID = 3DDA7B5D1A94D5F900CA4019;
					};
				};
			};
			buildConfigurationList = 3DDA7B591A94D5F900CA4019 /* Build configuration list for PBXProject "GameBored" */;
			compatibilityVersion = "Xcode 3.2";
			developmentRegion = English;
			hasScannedForEncodings = 0;
			knownRegions = (
				en,
				Base,
			);
			mainGroup = 3DDA7B551A94D5F900CA4019;
			productRefGroup = 3DDA7B5F1A94D5F900CA4019 /* Products */;
			projectDirPath = "";
			projectRoot = "";
			targets = (
				3DDA7B5D1A94D5F900CA4019 /* GameBored */,
				3DDA7B721A94D5F900CA4019 /* GameBoredTests */,
			);
		};
/* End PBXProject section */

/* Begin PBXResourcesBuildPhase section */
		3DDA7B5C1A94D5F900CA4019 /* Resources */ = {
			isa = PBXResourcesBuildPhase;
			buildActionMask = 2147483647;
			files = (
				3DDA7B691A94D5F900CA4019 /* Main.storyboard in Resources */,
				3DDA7B6E1A94D5F900CA4019 /* LaunchScreen.xib in Resources */,
				3DDA7B6B1A94D5F900CA4019 /* Images.xcassets in Resources */,
			);
			runOnlyForDeploymentPostprocessing = 0;
		};
		3DDA7B711A94D5F900CA4019 /* Resources */ = {
			isa = PBXResourcesBuildPhase;
			buildActionMask = 2147483647;
			files = (
			);
			runOnlyForDeploymentPostprocessing = 0;
		};
/* End PBXResourcesBuildPhase section */

/* Begin PBXSourcesBuildPhase section */
		3DDA7B5A1A94D5F900CA4019 /* Sources */ = {
			isa = PBXSourcesBuildPhase;
			buildActionMask = 2147483647;
			files = (
				3DDA7B661A94D5F900CA4019 /* ViewController.swift in Sources */,
				3DDA7B641A94D5F900CA4019 /* AppDelegate.swift in Sources */,
				3DDA7B861A94E33300CA4019 /* GamePeace.swift in Sources */,
				3DDA7B841A94D9D100CA4019 /* GameBoardView.swift in Sources */,
			);
			runOnlyForDeploymentPostprocessing = 0;
		};
		3DDA7B6F1A94D5F900CA4019 /* Sources */ = {
			isa = PBXSourcesBuildPhase;
			buildActionMask = 2147483647;
			files = (
				3DDA7B7A1A94D5F900CA4019 /* GameBoredTests.swift in Sources */,
			);
			runOnlyForDeploymentPostprocessing = 0;
		};
/* End PBXSourcesBuildPhase section */

/* Begin PBXTargetDependency section */
		3DDA7B751A94D5F900CA4019 /* PBXTargetDependency */ = {
			isa = PBXTargetDependency;
			target = 3DDA7B5D1A94D5F900CA4019 /* GameBored */;
			targetProxy = 3DDA7B741A94D5F900CA4019 /* PBXContainerItemProxy */;
		};
/* End PBXTargetDependency section */

/* Begin PBXVariantGroup section */
		3DDA7B671A94D5F900CA4019 /* Main.storyboard */ = {
			isa = PBXVariantGroup;
			children = (
				3DDA7B681A94D5F900CA4019 /* Base */,
			);
			name = Main.storyboard;
			sourceTree = "<group>";
		};
		3DDA7B6C1A94D5F900CA4019 /* LaunchScreen.xib */ = {
			isa = PBXVariantGroup;
			children = (
				3DDA7B6D1A94D5F900CA4019 /* Base */,
			);
			name = LaunchScreen.xib;
			sourceTree = "<group>";
		};
/* End PBXVariantGroup section */

/* Begin XCBuildConfiguration section */
		3DDA7B7B1A94D5F900CA4019 /* Debug */ = {
			isa = XCBuildConfiguration;
			buildSettings = {
				ALWAYS_SEARCH_USER_PATHS = NO;
				CLANG_CXX_LANGUAGE_STANDARD = "gnu++0x";
				CLANG_CXX_LIBRARY = "libc++";
				CLANG_ENABLE_MODULES = YES;
				CLANG_ENABLE_OBJC_ARC = YES;
				CLANG_WARN_BOOL_CONVERSION = YES;
				CLANG_WARN_CONSTANT_CONVERSION = YES;
				CLANG_WARN_DIRECT_OBJC_ISA_USAGE = YES_ERROR;
				CLANG_WARN_EMPTY_BODY = YES;
				CLANG_WARN_ENUM_CONVERSION = YES;
				CLANG_WARN_INT_CONVERSION = YES;
				CLANG_WARN_OBJC_ROOT_CLASS = YES_ERROR;
				CLANG_WARN_UNREACHABLE_CODE = YES;
				CLANG_WARN__DUPLICATE_METHOD_MATCH = YES;
				"CODE_SIGN_IDENTITY[sdk=iphoneos*]" = "iPhone Developer";
				COPY_PHASE_STRIP = NO;
				ENABLE_STRICT_OBJC_MSGSEND = YES;
				GCC_C_LANGUAGE_STANDARD = gnu99;
				GCC_DYNAMIC_NO_PIC = NO;
				GCC_OPTIMIZATION_LEVEL = 0;
				GCC_PREPROCESSOR_DEFINITIONS = (
					"DEBUG=1",
					"$(inherited)",
				);
				GCC_SYMBOLS_PRIVATE_EXTERN = NO;
				GCC_WARN_64_TO_32_BIT_CONVERSION = YES;
				GCC_WARN_ABOUT_RETURN_TYPE = YES_ERROR;
				GCC_WARN_UNDECLARED_SELECTOR = YES;
				GCC_WARN_UNINITIALIZED_AUTOS = YES_AGGRESSIVE;
				GCC_WARN_UNUSED_FUNCTION = YES;
				GCC_WARN_UNUSED_VARIABLE = YES;
				IPHONEOS_DEPLOYMENT_TARGET = 8.1;
				MTL_ENABLE_DEBUG_INFO = YES;
				ONLY_ACTIVE_ARCH = YES;
				SDKROOT = iphoneos;
				SWIFT_OPTIMIZATION_LEVEL = "-Onone";
			};
			name = Debug;
		};
		3DDA7B7C1A94D5F900CA4019 /* Release */ = {
			isa = XCBuildConfiguration;
			buildSettings = {
				ALWAYS_SEARCH_USER_PATHS = NO;
				CLANG_CXX_LANGUAGE_STANDARD = "gnu++0x";
				CLANG_CXX_LIBRARY = "libc++";
				CLANG_ENABLE_MODULES = YES;
				CLANG_ENABLE_OBJC_ARC = YES;
				CLANG_WARN_BOOL_CONVERSION = YES;
				CLANG_WARN_CONSTANT_CONVERSION = YES;
				CLANG_WARN_DIRECT_OBJC_ISA_USAGE = YES_ERROR;
				CLANG_WARN_EMPTY_BODY = YES;
				CLANG_WARN_ENUM_CONVERSION = YES;
				CLANG_WARN_INT_CONVERSION = YES;
				CLANG_WARN_OBJC_ROOT_CLASS = YES_ERROR;
				CLANG_WARN_UNREACHABLE_CODE = YES;
				CLANG_WARN__DUPLICATE_METHOD_MATCH = YES;
				"CODE_SIGN_IDENTITY[sdk=iphoneos*]" = "iPhone Developer";
				COPY_PHASE_STRIP = YES;
				ENABLE_NS_ASSERTIONS = NO;
				ENABLE_STRICT_OBJC_MSGSEND = YES;
				GCC_C_LANGUAGE_STANDARD = gnu99;
				GCC_WARN_64_TO_32_BIT_CONVERSION = YES;
				GCC_WARN_ABOUT_RETURN_TYPE = YES_ERROR;
				GCC_WARN_UNDECLARED_SELECTOR = YES;
				GCC_WARN_UNINITIALIZED_AUTOS = YES_AGGRESSIVE;
				GCC_WARN_UNUSED_FUNCTION = YES;
				GCC_WARN_UNUSED_VARIABLE = YES;
				IPHONEOS_DEPLOYMENT_TARGET = 8.1;
				MTL_ENABLE_DEBUG_INFO = NO;
				SDKROOT = iphoneos;
				VALIDATE_PRODUCT = YES;
			};
			name = Release;
		};
		3DDA7B7E1A94D5F900CA4019 /* Debug */ = {
			isa = XCBuildConfiguration;
			buildSettings = {
				ASSETCATALOG_COMPILER_APPICON_NAME = AppIcon;
				INFOPLIST_FILE = GameBored/Info.plist;
				LD_RUNPATH_SEARCH_PATHS = "$(inherited) @executable_path/Frameworks";
				PRODUCT_NAME = "$(TARGET_NAME)";
			};
			name = Debug;
		};
		3DDA7B7F1A94D5F900CA4019 /* Release */ = {
			isa = XCBuildConfiguration;
			buildSettings = {
				ASSETCATALOG_COMPILER_APPICON_NAME = AppIcon;
				INFOPLIST_FILE = GameBored/Info.plist;
				LD_RUNPATH_SEARCH_PATHS = "$(inherited) @executable_path/Frameworks";
				PRODUCT_NAME = "$(TARGET_NAME)";
			};
			name = Release;
		};
		3DDA7B811A94D5F900CA4019 /* Debug */ = {
			isa = XCBuildConfiguration;
			buildSettings = {
				BUNDLE_LOADER = "$(TEST_HOST)";
				FRAMEWORK_SEARCH_PATHS = (
					"$(SDKROOT)/Developer/Library/Frameworks",
					"$(inherited)",
				);
				GCC_PREPROCESSOR_DEFINITIONS = (
					"DEBUG=1",
					"$(inherited)",
				);
				INFOPLIST_FILE = GameBoredTests/Info.plist;
				LD_RUNPATH_SEARCH_PATHS = "$(inherited) @executable_path/Frameworks @loader_path/Frameworks";
				PRODUCT_NAME = "$(TARGET_NAME)";
				TEST_HOST = "$(BUILT_PRODUCTS_DIR)/GameBored.app/GameBored";
			};
			name = Debug;
		};
		3DDA7B821A94D5F900CA4019 /* Release */ = {
			isa = XCBuildConfiguration;
			buildSettings = {
				BUNDLE_LOADER = "$(TEST_HOST)";
				FRAMEWORK_SEARCH_PATHS = (
					"$(SDKROOT)/Developer/Library/Frameworks",
					"$(inherited)",
				);
				INFOPLIST_FILE = GameBoredTests/Info.plist;
				LD_RUNPATH_SEARCH_PATHS = "$(inherited) @executable_path/Frameworks @loader_path/Frameworks";
				PRODUCT_NAME = "$(TARGET_NAME)";
				TEST_HOST = "$(BUILT_PRODUCTS_DIR)/GameBored.app/GameBored";
			};
			name = Release;
		};
/* End XCBuildConfiguration section */

/* Begin XCConfigurationList section */
		3DDA7B591A94D5F900CA4019 /* Build configuration list for PBXProject "GameBored" */ = {
			isa = XCConfigurationList;
			buildConfigurations = (
				3DDA7B7B1A94D5F900CA4019 /* Debug */,
				3DDA7B7C1A94D5F900CA4019 /* Release */,
			);
			defaultConfigurationIsVisible = 0;
			defaultConfigurationName = Release;
		};
		3DDA7B7D1A94D5F900CA4019 /* Build configuration list for PBXNativeTarget "GameBored" */ = {
			isa = XCConfigurationList;
			buildConfigurations = (
				3DDA7B7E1A94D5F900CA4019 /* Debug */,
				3DDA7B7F1A94D5F900CA4019 /* Release */,
			);
			defaultConfigurationIsVisible = 0;
		};
		3DDA7B801A94D5F900CA4019 /* Build configuration list for PBXNativeTarget "GameBoredTests" */ = {
			isa = XCConfigurationList;
			buildConfigurations = (
				3DDA7B811A94D5F900CA4019 /* Debug */,
				3DDA7B821A94D5F900CA4019 /* Release */,
			);
			defaultConfigurationIsVisible = 0;
		};
/* End XCConfigurationList section */
	};
	rootObject = 3DDA7B561A94D5F900CA4019 /* Project object */;
}
